
Microsoft Visual Studio Solution File, Format Version 12.00
# Visual Studio Version 17
VisualStudioVersion = 17.8.34330.188
MinimumVisualStudioVersion = 10.0.40219.1
Project("{FAE04EC0-301F-11D3-BF4B-00C04F79EFBC}") = "SCP-500", "SCP-500\SCP-500.csproj", "{D88DF30E-6D85-4D14-80F0-F0DF25808FFD}"
EndProject
Global
	GlobalSection(SolutionConfigurationPlatforms) = preSolution
		Debug|Any CPU = Debug|Any CPU
		Release|Any CPU = Release|Any CPU
	EndGlobalSection
	GlobalSection(ProjectConfigurationPlatforms) = postSolution
		{D88DF30E-6D85-4D14-80F0-F0DF25808FFD}.Debug|Any CPU.ActiveCfg = Debug|Any CPU
		{D88DF30E-6D85-4D14-80F0-F0DF25808FFD}.Debug|Any CPU.Build.0 = Debug|Any CPU
		{D88DF30E-6D85-4D14-80F0-F0DF25808FFD}.Release|Any CPU.ActiveCfg = Release|Any CPU
		{D88DF30E-6D85-4D14-80F0-F0DF25808FFD}.Release|Any CPU.Build.0 = Release|Any CPU
	EndGlobalSection
	GlobalSection(SolutionProperties) = preSolution
		HideSolutionNode = FALSE
	EndGlobalSection
	GlobalSection(ExtensibilityGlobals) = postSolution
		SolutionGuid = {4086A325-2C6F-4E02-B915-A89329920272}
	EndGlobalSection
EndGlobal
